{
  "originHash" : "0e63dd650c839f9d2bba91fa0bbf71a388a0dc071d932e11d9346b8f1e45d6ae",
  "pins" : [
    {
      "identity" : "capacitor-swift-pm",
      "kind" : "remoteSourceControl",
      "location" : "https://github.com/ionic-team/capacitor-swift-pm.git",
      "state" : {
        "revision" : "f1a8fadf1437c23b825c818fb6509c9dbbae2f61",
        "version" : "8.3.1"
      }
    }
  ],
  "version" : 3
}
